
Microsoft Visual Studio Solution File, Format Version 12.00
# Visual Studio Version 17
VisualStudioVersion = 17.13.35919.96 d17.13
MinimumVisualStudioVersion = 10.0.40219.1
Project("{FAE04EC0-301F-11D3-BF4B-00C04F79EFBC}") = "Lyxbux.Helper", "Lyxbux.Helper\Lyxbux.Helper.csproj", "{BE187FFA-7AEF-48F9-ADE7-BFC07E509DFE}"
EndProject
Global
	GlobalSection(SolutionConfigurationPlatforms) = preSolution
		Debug|Any CPU = Debug|Any CPU
		Release|Any CPU = Release|Any CPU
	EndGlobalSection
	GlobalSection(ProjectConfigurationPlatforms) = postSolution
		{BE187FFA-7AEF-48F9-ADE7-BFC07E509DFE}.Debug|Any CPU.ActiveCfg = Debug|Any CPU
		{BE187FFA-7AEF-48F9-ADE7-BFC07E509DFE}.Debug|Any CPU.Build.0 = Debug|Any CPU
		{BE187FFA-7AEF-48F9-ADE7-BFC07E509DFE}.Release|Any CPU.ActiveCfg = Release|Any CPU
		{BE187FFA-7AEF-48F9-ADE7-BFC07E509DFE}.Release|Any CPU.Build.0 = Release|Any CPU
	EndGlobalSection
	GlobalSection(SolutionProperties) = preSolution
		HideSolutionNode = FALSE
	EndGlobalSection
	GlobalSection(ExtensibilityGlobals) = postSolution
		SolutionGuid = {FB33836F-4147-4341-9679-AEF123D7832A}
	EndGlobalSection
EndGlobal
